{
  "name": "library-mini",
  "version": "1.0.0",
  "lockfileVersion": 1,
  "requires": true,
  "dependencies": {
    "@types/wechat-miniprogram": {
      "version": "3.2.0",
      "resolved": "https://registry.npm.taobao.org/@types/wechat-miniprogram/download/@types/wechat-miniprogram-3.2.0.tgz",
      "integrity": "sha1-a0A0FVhW0xzZ80Lv0hfbwn6oD7k="
    },
    "@vant/weapp": {
      "version": "1.5.3",
      "resolved": "https://registry.npm.taobao.org/@vant/weapp/download/@vant/weapp-1.5.3.tgz",
      "integrity": "sha1-X6PCNzL/3rhck5tPRc/Fiy64BfQ=",
      "requires": {
        "@types/wechat-miniprogram": "^3.0.0"
      }
    }
  }
}
